// !$*UTF8*$!
{
	archiveVersion = 1;
	classes = {
	};
	objectVersion = 46;
	objects = {

/* Begin PBXBuildFile section */
		462FEB981F5FB90600AAF157 /* MusicManager.swift in Sources */ = {isa = PBXBuildFile; fileRef = 462FEB971F5FB90600AAF157 /* MusicManager.swift */; };
		46683D3A1F5FB2C000A73E75 /* AppDelegate.swift in Sources */ = {isa = PBXBuildFile; fileRef = 46683D391F5FB2C000A73E75 /* AppDelegate.swift */; };
		46683D3C1F5FB2C000A73E75 /* ViewController.swift in Sources */ = {isa = PBXBuildFile; fileRef = 46683D3B1F5FB2C000A73E75 /* ViewController.swift */; };
		46683D3F1F5FB2C000A73E75 /* Main.storyboard in Resources */ = {isa = PBXBuildFile; fileRef = 46683D3D1F5FB2C000A73E75 /* Main.storyboard */; };
		46683D411F5FB2C000A73E75 /* Assets.xcassets in Resources */ = {isa = PBXBuildFile; fileRef = 46683D401F5FB2C000A73E75 /* Assets.xcassets */; };
		46683D441F5FB2C000A73E75 /* LaunchScreen.storyboard in Resources */ = {isa = PBXBuildFile; fileRef = 46683D421F5FB2C000A73E75 /* LaunchScreen.storyboard */; };
/* End PBXBuildFile section */

/* Begin PBXFileReference section */
		462FEB971F5FB90600AAF157 /* MusicManager.swift */ = {isa = PBXFileReference; fileEncoding = 4; lastKnownFileType = sourcecode.swift; name = MusicManager.swift; path = Manager/MusicManager.swift; sourceTree = "<group>"; };
		46683D361F5FB2C000A73E75 /* AWALandscape.app */ = {isa = PBXFileReference; explicitFileType = wrapper.application; includeInIndex = 0; path = AWALandscape.app; sourceTree = BUILT_PRODUCTS_DIR; };
		46683D391F5FB2C000A73E75 /* AppDelegate.swift */ = {isa = PBXFileReference; lastKnownFileType = sourcecode.swift; path = AppDelegate.swift; sourceTree = "<group>"; };
		46683D3B1F5FB2C000A73E75 /* ViewController.swift */ = {isa = PBXFileReference; lastKnownFileType = sourcecode.swift; path = ViewController.swift; sourceTree = "<group>"; };
		46683D3E1F5FB2C000A73E75 /* Base */ = {isa = PBXFileReference; lastKnownFileType = file.storyboard; name = Base; path = Base.lproj/Main.storyboard; sourceTree = "<group>"; };
		46683D401F5FB2C000A73E75 /* Assets.xcassets */ = {isa = PBXFileReference; lastKnownFileType = folder.assetcatalog; path = Assets.xcassets; sourceTree = "<group>"; };
		46683D431F5FB2C000A73E75 /* Base */ = {isa = PBXFileReference; lastKnownFileType = file.storyboard; name = Base; path = Base.lproj/LaunchScreen.storyboard; sourceTree = "<group>"; };
		46683D451F5FB2C000A73E75 /* Info.plist */ = {isa = PBXFileReference; lastKnownFileType = text.plist.xml; path = Info.plist; sourceTree = "<group>"; };
/* End PBXFileReference section */

/* Begin PBXFrameworksBuildPhase section */
		46683D331F5FB2C000A73E75 /* Frameworks */ = {
			isa = PBXFrameworksBuildPhase;
			buildActionMask = 2147483647;
			files = (
			);
			runOnlyForDeploymentPostprocessing = 0;
		};
/* End PBXFrameworksBuildPhase section */

/* Begin PBXGroup section */
		462FEB961F5FB8DD00AAF157 /* Manager */ = {
			isa = PBXGroup;
			children = (
				462FEB971F5FB90600AAF157 /* MusicManager.swift */,
			);
			name = Manager;
			sourceTree = "<group>";
		};
		46683D2D1F5FB2C000A73E75 = {
			isa = PBXGroup;
			children = (
				46683D381F5FB2C000A73E75 /* AWALandscape */,
				46683D371F5FB2C000A73E75 /* Products */,
			);
			sourceTree = "<group>";
		};
		46683D371F5FB2C000A73E75 /* Products */ = {
			isa = PBXGroup;
			children = (
				46683D361F5FB2C000A73E75 /* AWALandscape.app */,
			);
			name = Products;
			sourceTree = "<group>";
		};
		46683D381F5FB2C000A73E75 /* AWALandscape */ = {
			isa = PBXGroup;
			children = (
				462FEB961F5FB8DD00AAF157 /* Manager */,
				46683D391F5FB2C000A73E75 /* AppDelegate.swift */,
				46683D3B1F5FB2C000A73E75 /* ViewController.swift */,
				46683D3D1F5FB2C000A73E75 /* Main.storyboard */,
				46683D401F5FB2C000A73E75 /* Assets.xcassets */,
				46683D421F5FB2C000A73E75 /* LaunchScreen.storyboard */,
				46683D451F5FB2C000A73E75 /* Info.plist */,
			);
			path = AWALandscape;
			sourceTree = "<group>";
		};
/* End PBXGroup section */

/* Begin PBXNativeTarget section */
		46683D351F5FB2C000A73E75 /* AWALandscape */ = {
			isa = PBXNativeTarget;
			buildConfigurationList = 46683D481F5FB2C000A73E75 /* Build configuration list for PBXNativeTarget "AWALandscape" */;
			buildPhases = (
				46683D321F5FB2C000A73E75 /* Sources */,
				46683D331F5FB2C000A73E75 /* Frameworks */,
				46683D341F5FB2C000A73E75 /* Resources */,
			);
			buildRules = (
			);
			dependencies = (
			);
			name = AWALandscape;
			productName = AWALandscape;
			productReference = 46683D361F5FB2C000A73E75 /* AWALandscape.app */;
			productType = "com.apple.product-type.application";
		};
/* End PBXNativeTarget section */

/* Begin PBXProject section */
		46683D2E1F5FB2C000A73E75 /* Project object */ = {
			isa = PBXProject;
			attributes = {
				LastSwiftUpdateCheck = 0830;
				LastUpgradeCheck = 0830;
				ORGANIZATIONNAME = "藤井陽介";
				TargetAttributes = {
					46683D351F5FB2C000A73E75 = {
						CreatedOnToolsVersion = 8.3.3;
						DevelopmentTeam = B4S4333JDW;
						ProvisioningStyle = Automatic;
					};
				};
			};
			buildConfigurationList = 46683D311F5FB2C000A73E75 /* Build configuration list for PBXProject "AWALandscape" */;
			compatibilityVersion = "Xcode 3.2";
			developmentRegion = English;
			hasScannedForEncodings = 0;
			knownRegions = (
				en,
				Base,
			);
			mainGroup = 46683D2D1F5FB2C000A73E75;
			productRefGroup = 46683D371F5FB2C000A73E75 /* Products */;
			projectDirPath = "";
			projectRoot = "";
			targets = (
				46683D351F5FB2C000A73E75 /* AWALandscape */,
			);
		};
/* End PBXProject section */

/* Begin PBXResourcesBuildPhase section */
		46683D341F5FB2C000A73E75 /* Resources */ = {
			isa = PBXResourcesBuildPhase;
			buildActionMask = 2147483647;
			files = (
				46683D441F5FB2C000A73E75 /* LaunchScreen.storyboard in Resources */,
				46683D411F5FB2C000A73E75 /* Assets.xcassets in Resources */,
				46683D3F1F5FB2C000A73E75 /* Main.storyboard in Resources */,
			);
			runOnlyForDeploymentPostprocessing = 0;
		};
/* End PBXResourcesBuildPhase section */

/* Begin PBXSourcesBuildPhase section */
		46683D321F5FB2C000A73E75 /* Sources */ = {
			isa = PBXSourcesBuildPhase;
			buildActionMask = 2147483647;
			files = (
				46683D3C1F5FB2C000A73E75 /* ViewController.swift in Sources */,
				46683D3A1F5FB2C000A73E75 /* AppDelegate.swift in Sources */,
				462FEB981F5FB90600AAF157 /* MusicManager.swift in Sources */,
			);
			runOnlyForDeploymentPostprocessing = 0;
		};
/* End PBXSourcesBuildPhase section */

/* Begin PBXVariantGroup section */
		46683D3D1F5FB2C000A73E75 /* Main.storyboard */ = {
			isa = PBXVariantGroup;
			children = (
				46683D3E1F5FB2C000A73E75 /* Base */,
			);
			name = Main.storyboard;
			sourceTree = "<group>";
		};
		46683D421F5FB2C000A73E75 /* LaunchScreen.storyboard */ = {
			isa = PBXVariantGroup;
			children = (
				46683D431F5FB2C000A73E75 /* Base */,
			);
			name = LaunchScreen.storyboard;
			sourceTree = "<group>";
		};
/* End PBXVariantGroup section */

/* Begin XCBuildConfiguration section */
		46683D461F5FB2C000A73E75 /* Debug */ = {
			isa = XCBuildConfiguration;
			buildSettings = {
				ALWAYS_SEARCH_USER_PATHS = NO;
				CLANG_ANALYZER_NONNULL = YES;
				CLANG_ANALYZER_NUMBER_OBJECT_CONVERSION = YES_AGGRESSIVE;
				CLANG_CXX_LANGUAGE_STANDARD = "gnu++0x";
				CLANG_CXX_LIBRARY = "libc++";
				CLANG_ENABLE_MODULES = YES;
				CLANG_ENABLE_OBJC_ARC = YES;
				CLANG_WARN_BOOL_CONVERSION = YES;
				CLANG_WARN_CONSTANT_CONVERSION = YES;
				CLANG_WARN_DIRECT_OBJC_ISA_USAGE = YES_ERROR;
				CLANG_WARN_DOCUMENTATION_COMMENTS = YES;
				CLANG_WARN_EMPTY_BODY = YES;
				CLANG_WARN_ENUM_CONVERSION = YES;
				CLANG_WARN_INFINITE_RECURSION = YES;
				CLANG_WARN_INT_CONVERSION = YES;
				CLANG_WARN_OBJC_ROOT_CLASS = YES_ERROR;
				CLANG_WARN_SUSPICIOUS_MOVE = YES;
				CLANG_WARN_UNREACHABLE_CODE = YES;
				CLANG_WARN__DUPLICATE_METHOD_MATCH = YES;
				"CODE_SIGN_IDENTITY[sdk=iphoneos*]" = "iPhone Developer";
				COPY_PHASE_STRIP = NO;
				DEBUG_INFORMATION_FORMAT = dwarf;
				ENABLE_STRICT_OBJC_MSGSEND = YES;
				ENABLE_TESTABILITY = YES;
				GCC_C_LANGUAGE_STANDARD = gnu99;
				GCC_DYNAMIC_NO_PIC = NO;
				GCC_NO_COMMON_BLOCKS = YES;
				GCC_OPTIMIZATION_LEVEL = 0;
				GCC_PREPROCESSOR_DEFINITIONS = (
					"DEBUG=1",
					"$(inherited)",
				);
				GCC_WARN_64_TO_32_BIT_CONVERSION = YES;
				GCC_WARN_ABOUT_RETURN_TYPE = YES_ERROR;
				GCC_WARN_UNDECLARED_SELECTOR = YES;
				GCC_WARN_UNINITIALIZED_AUTOS = YES_AGGRESSIVE;
				GCC_WARN_UNUSED_FUNCTION = YES;
				GCC_WARN_UNUSED_VARIABLE = YES;
				IPHONEOS_DEPLOYMENT_TARGET = 10.3;
				MTL_ENABLE_DEBUG_INFO = YES;
				ONLY_ACTIVE_ARCH = YES;
				SDKROOT = iphoneos;
				SWIFT_ACTIVE_COMPILATION_CONDITIONS = DEBUG;
				SWIFT_OPTIMIZATION_LEVEL = "-Onone";
				TARGETED_DEVICE_FAMILY = "1,2";
			};
			name = Debug;
		};
		46683D471F5FB2C000A73E75 /* Release */ = {
			isa = XCBuildConfiguration;
			buildSettings = {
				ALWAYS_SEARCH_USER_PATHS = NO;
				CLANG_ANALYZER_NONNULL = YES;
				CLANG_ANALYZER_NUMBER_OBJECT_CONVERSION = YES_AGGRESSIVE;
				CLANG_CXX_LANGUAGE_STANDARD = "gnu++0x";
				CLANG_CXX_LIBRARY = "libc++";
				CLANG_ENABLE_MODULES = YES;
				CLANG_ENABLE_OBJC_ARC = YES;
				CLANG_WARN_BOOL_CONVERSION = YES;
				CLANG_WARN_CONSTANT_CONVERSION = YES;
				CLANG_WARN_DIRECT_OBJC_ISA_USAGE = YES_ERROR;
				CLANG_WARN_DOCUMENTATION_COMMENTS = YES;
				CLANG_WARN_EMPTY_BODY = YES;
				CLANG_WARN_ENUM_CONVERSION = YES;
				CLANG_WARN_INFINITE_RECURSION = YES;
				CLANG_WARN_INT_CONVERSION = YES;
				CLANG_WARN_OBJC_ROOT_CLASS = YES_ERROR;
				CLANG_WARN_SUSPICIOUS_MOVE = YES;
				CLANG_WARN_UNREACHABLE_CODE = YES;
				CLANG_WARN__DUPLICATE_METHOD_MATCH = YES;
				"CODE_SIGN_IDENTITY[sdk=iphoneos*]" = "iPhone Developer";
				COPY_PHASE_STRIP = NO;
				DEBUG_INFORMATION_FORMAT = "dwarf-with-dsym";
				ENABLE_NS_ASSERTIONS = NO;
				ENABLE_STRICT_OBJC_MSGSEND = YES;
				GCC_C_LANGUAGE_STANDARD = gnu99;
				GCC_NO_COMMON_BLOCKS = YES;
				GCC_WARN_64_TO_32_BIT_CONVERSION = YES;
				GCC_WARN_ABOUT_RETURN_TYPE = YES_ERROR;
				GCC_WARN_UNDECLARED_SELECTOR = YES;
				GCC_WARN_UNINITIALIZED_AUTOS = YES_AGGRESSIVE;
				GCC_WARN_UNUSED_FUNCTION = YES;
				GCC_WARN_UNUSED_VARIABLE = YES;
				IPHONEOS_DEPLOYMENT_TARGET = 10.3;
				MTL_ENABLE_DEBUG_INFO = NO;
				SDKROOT = iphoneos;
				SWIFT_OPTIMIZATION_LEVEL = "-Owholemodule";
				TARGETED_DEVICE_FAMILY = "1,2";
				VALIDATE_PRODUCT = YES;
			};
			name = Release;
		};
		46683D491F5FB2C000A73E75 /* Debug */ = {
			isa = XCBuildConfiguration;
			buildSettings = {
				ASSETCATALOG_COMPILER_APPICON_NAME = AppIcon;
				DEVELOPMENT_TEAM = B4S4333JDW;
				INFOPLIST_FILE = AWALandscape/Info.plist;
				LD_RUNPATH_SEARCH_PATHS = "$(inherited) @executable_path/Frameworks";
				PRODUCT_BUNDLE_IDENTIFIER = com.dev.touyou.AWALandscape;
				PRODUCT_NAME = "$(TARGET_NAME)";
				SWIFT_VERSION = 3.0;
			};
			name = Debug;
		};
		46683D4A1F5FB2C000A73E75 /* Release */ = {
			isa = XCBuildConfiguration;
			buildSettings = {
				ASSETCATALOG_COMPILER_APPICON_NAME = AppIcon;
				DEVELOPMENT_TEAM = B4S4333JDW;
				INFOPLIST_FILE = AWALandscape/Info.plist;
				LD_RUNPATH_SEARCH_PATHS = "$(inherited) @executable_path/Frameworks";
				PRODUCT_BUNDLE_IDENTIFIER = com.dev.touyou.AWALandscape;
				PRODUCT_NAME = "$(TARGET_NAME)";
				SWIFT_VERSION = 3.0;
			};
			name = Release;
		};
/* End XCBuildConfiguration section */

/* Begin XCConfigurationList section */
		46683D311F5FB2C000A73E75 /* Build configuration list for PBXProject "AWALandscape" */ = {
			isa = XCConfigurationList;
			buildConfigurations = (
				46683D461F5FB2C000A73E75 /* Debug */,
				46683D471F5FB2C000A73E75 /* Release */,
			);
			defaultConfigurationIsVisible = 0;
			defaultConfigurationName = Release;
		};
		46683D481F5FB2C000A73E75 /* Build configuration list for PBXNativeTarget "AWALandscape" */ = {
			isa = XCConfigurationList;
			buildConfigurations = (
				46683D491F5FB2C000A73E75 /* Debug */,
				46683D4A1F5FB2C000A73E75 /* Release */,
			);
			defaultConfigurationIsVisible = 0;
			defaultConfigurationName = Release;
		};
/* End XCConfigurationList section */
	};
	rootObject = 46683D2E1F5FB2C000A73E75 /* Project object */;
}
