// !$*UTF8*$!
{
	archiveVersion = 1;
	classes = {
	};
	objectVersion = 46;
	objects = {

/* Begin PBXBuildFile section */
		462FEB981F5FB90600AAF157 /* MusicManager.swift in Sources */ = {isa = PBXBuildFile; fileRef = 462FEB971F5FB90600AAF157 /* MusicManager.swift */; };
		462FEB9B1F5FC6CD00AAF157 /* PlayerViewController.swift in Sources */ = {isa = PBXBuildFile; fileRef = 462FEB9A1F5FC6CD00AAF157 /* PlayerViewController.swift */; };
		462FEB9D1F5FC6E200AAF157 /* PlayerViewController.storyboard in Resources */ = {isa = PBXBuildFile; fileRef = 462FEB9C1F5FC6E200AAF157 /* PlayerViewController.storyboard */; };
		462FEBA01F5FC90300AAF157 /* UIView+Extensions.swift in Sources */ = {isa = PBXBuildFile; fileRef = 462FEB9F1F5FC90300AAF157 /* UIView+Extensions.swift */; };
		462FEBA41F5FCA8700AAF157 /* FMBlurable.swift in Sources */ = {isa = PBXBuildFile; fileRef = 462FEBA31F5FCA8700AAF157 /* FMBlurable.swift */; };
		462FEBA81F5FDE8700AAF157 /* ArtworkCollectionViewCell.swift in Sources */ = {isa = PBXBuildFile; fileRef = 462FEBA61F5FDE8700AAF157 /* ArtworkCollectionViewCell.swift */; };
		462FEBA91F5FDE8700AAF157 /* ArtworkCollectionViewCell.xib in Resources */ = {isa = PBXBuildFile; fileRef = 462FEBA71F5FDE8700AAF157 /* ArtworkCollectionViewCell.xib */; };
		462FEBAC1F5FDF4600AAF157 /* ArtworkModel.swift in Sources */ = {isa = PBXBuildFile; fileRef = 462FEBAB1F5FDF4600AAF157 /* ArtworkModel.swift */; };
		462FEBAE1F5FE12E00AAF157 /* UICollectionView+Extensions.swift in Sources */ = {isa = PBXBuildFile; fileRef = 462FEBAD1F5FE12E00AAF157 /* UICollectionView+Extensions.swift */; };
		462FEBB41F5FE19000AAF157 /* NibInstantiatable.swift in Sources */ = {isa = PBXBuildFile; fileRef = 462FEBB01F5FE19000AAF157 /* NibInstantiatable.swift */; };
		462FEBB51F5FE19000AAF157 /* NibLoadable.swift in Sources */ = {isa = PBXBuildFile; fileRef = 462FEBB11F5FE19000AAF157 /* NibLoadable.swift */; };
		462FEBB61F5FE19000AAF157 /* Reusable.swift in Sources */ = {isa = PBXBuildFile; fileRef = 462FEBB21F5FE19000AAF157 /* Reusable.swift */; };
		462FEBB71F5FE19000AAF157 /* StoryboardInstantiable.swift in Sources */ = {isa = PBXBuildFile; fileRef = 462FEBB31F5FE19000AAF157 /* StoryboardInstantiable.swift */; };
		462FEBB91F60277D00AAF157 /* ArtworkCollectionViewFlowLayout.swift in Sources */ = {isa = PBXBuildFile; fileRef = 462FEBB81F60277D00AAF157 /* ArtworkCollectionViewFlowLayout.swift */; };
		462FEBBB1F60309800AAF157 /* ArtworkListViewController.swift in Sources */ = {isa = PBXBuildFile; fileRef = 462FEBBA1F60309800AAF157 /* ArtworkListViewController.swift */; };
		46683D3A1F5FB2C000A73E75 /* AppDelegate.swift in Sources */ = {isa = PBXBuildFile; fileRef = 46683D391F5FB2C000A73E75 /* AppDelegate.swift */; };
		46683D3C1F5FB2C000A73E75 /* ViewController.swift in Sources */ = {isa = PBXBuildFile; fileRef = 46683D3B1F5FB2C000A73E75 /* ViewController.swift */; };
		46683D3F1F5FB2C000A73E75 /* Main.storyboard in Resources */ = {isa = PBXBuildFile; fileRef = 46683D3D1F5FB2C000A73E75 /* Main.storyboard */; };
		46683D411F5FB2C000A73E75 /* Assets.xcassets in Resources */ = {isa = PBXBuildFile; fileRef = 46683D401F5FB2C000A73E75 /* Assets.xcassets */; };
		46683D441F5FB2C000A73E75 /* LaunchScreen.storyboard in Resources */ = {isa = PBXBuildFile; fileRef = 46683D421F5FB2C000A73E75 /* LaunchScreen.storyboard */; };
		CC56155FB66C910F051DB06E /* Pods_AWALandscape.framework in Frameworks */ = {isa = PBXBuildFile; fileRef = 3198CB6FB133EF1C4631DA25 /* Pods_AWALandscape.framework */; };
/* End PBXBuildFile section */

/* Begin PBXFileReference section */
		3198CB6FB133EF1C4631DA25 /* Pods_AWALandscape.framework */ = {isa = PBXFileReference; explicitFileType = wrapper.framework; includeInIndex = 0; path = Pods_AWALandscape.framework; sourceTree = BUILT_PRODUCTS_DIR; };
		462FEB971F5FB90600AAF157 /* MusicManager.swift */ = {isa = PBXFileReference; fileEncoding = 4; lastKnownFileType = sourcecode.swift; name = MusicManager.swift; path = MusicManager.swift; sourceTree = "<group>"; };
		462FEB9A1F5FC6CD00AAF157 /* PlayerViewController.swift */ = {isa = PBXFileReference; fileEncoding = 4; lastKnownFileType = sourcecode.swift; name = PlayerViewController.swift; path = PlayerViewController.swift; sourceTree = "<group>"; };
		462FEB9C1F5FC6E200AAF157 /* PlayerViewController.storyboard */ = {isa = PBXFileReference; fileEncoding = 4; lastKnownFileType = file.storyboard; name = PlayerViewController.storyboard; path = PlayerViewController.storyboard; sourceTree = "<group>"; };
		462FEB9F1F5FC90300AAF157 /* UIView+Extensions.swift */ = {isa = PBXFileReference; fileEncoding = 4; lastKnownFileType = sourcecode.swift; name = "UIView+Extensions.swift"; path = "UIView+Extensions.swift"; sourceTree = "<group>"; };
		462FEBA31F5FCA8700AAF157 /* FMBlurable.swift */ = {isa = PBXFileReference; fileEncoding = 4; lastKnownFileType = sourcecode.swift; path = FMBlurable.swift; sourceTree = "<group>"; };
		462FEBA61F5FDE8700AAF157 /* ArtworkCollectionViewCell.swift */ = {isa = PBXFileReference; fileEncoding = 4; lastKnownFileType = sourcecode.swift; name = ArtworkCollectionViewCell.swift; path = ArtworkCollectionViewCell.swift; sourceTree = "<group>"; };
		462FEBA71F5FDE8700AAF157 /* ArtworkCollectionViewCell.xib */ = {isa = PBXFileReference; fileEncoding = 4; lastKnownFileType = file.xib; name = ArtworkCollectionViewCell.xib; path = ArtworkCollectionViewCell.xib; sourceTree = "<group>"; };
		462FEBAB1F5FDF4600AAF157 /* ArtworkModel.swift */ = {isa = PBXFileReference; fileEncoding = 4; lastKnownFileType = sourcecode.swift; name = ArtworkModel.swift; path = ArtworkModel.swift; sourceTree = "<group>"; };
		462FEBAD1F5FE12E00AAF157 /* UICollectionView+Extensions.swift */ = {isa = PBXFileReference; fileEncoding = 4; lastKnownFileType = sourcecode.swift; name = "UICollectionView+Extensions.swift"; path = "UICollectionView+Extensions.swift"; sourceTree = "<group>"; };
		462FEBB01F5FE19000AAF157 /* NibInstantiatable.swift */ = {isa = PBXFileReference; fileEncoding = 4; lastKnownFileType = sourcecode.swift; path = NibInstantiatable.swift; sourceTree = "<group>"; };
		462FEBB11F5FE19000AAF157 /* NibLoadable.swift */ = {isa = PBXFileReference; fileEncoding = 4; lastKnownFileType = sourcecode.swift; path = NibLoadable.swift; sourceTree = "<group>"; };
		462FEBB21F5FE19000AAF157 /* Reusable.swift */ = {isa = PBXFileReference; fileEncoding = 4; lastKnownFileType = sourcecode.swift; path = Reusable.swift; sourceTree = "<group>"; };
		462FEBB31F5FE19000AAF157 /* StoryboardInstantiable.swift */ = {isa = PBXFileReference; fileEncoding = 4; lastKnownFileType = sourcecode.swift; path = StoryboardInstantiable.swift; sourceTree = "<group>"; };
		462FEBB81F60277D00AAF157 /* ArtworkCollectionViewFlowLayout.swift */ = {isa = PBXFileReference; fileEncoding = 4; lastKnownFileType = sourcecode.swift; name = ArtworkCollectionViewFlowLayout.swift; path = ArtworkCollectionViewFlowLayout.swift; sourceTree = "<group>"; };
		462FEBBA1F60309800AAF157 /* ArtworkListViewController.swift */ = {isa = PBXFileReference; fileEncoding = 4; lastKnownFileType = sourcecode.swift; name = ArtworkListViewController.swift; path = ArtworkListViewController.swift; sourceTree = "<group>"; };
		46683D361F5FB2C000A73E75 /* AWALandscape.app */ = {isa = PBXFileReference; explicitFileType = wrapper.application; includeInIndex = 0; path = AWALandscape.app; sourceTree = BUILT_PRODUCTS_DIR; };
		46683D391F5FB2C000A73E75 /* AppDelegate.swift */ = {isa = PBXFileReference; lastKnownFileType = sourcecode.swift; path = AppDelegate.swift; sourceTree = "<group>"; };
		46683D3B1F5FB2C000A73E75 /* ViewController.swift */ = {isa = PBXFileReference; lastKnownFileType = sourcecode.swift; path = ViewController.swift; sourceTree = "<group>"; };
		46683D3E1F5FB2C000A73E75 /* Base */ = {isa = PBXFileReference; lastKnownFileType = file.storyboard; name = Base; path = Base.lproj/Main.storyboard; sourceTree = "<group>"; };
		46683D401F5FB2C000A73E75 /* Assets.xcassets */ = {isa = PBXFileReference; lastKnownFileType = folder.assetcatalog; path = Assets.xcassets; sourceTree = "<group>"; };
		46683D431F5FB2C000A73E75 /* Base */ = {isa = PBXFileReference; lastKnownFileType = file.storyboard; name = Base; path = Base.lproj/LaunchScreen.storyboard; sourceTree = "<group>"; };
		46683D451F5FB2C000A73E75 /* Info.plist */ = {isa = PBXFileReference; lastKnownFileType = text.plist.xml; path = Info.plist; sourceTree = "<group>"; };
		50E062C67EAE38BBFA7E8329 /* Pods-AWALandscape.debug.xcconfig */ = {isa = PBXFileReference; includeInIndex = 1; lastKnownFileType = text.xcconfig; name = "Pods-AWALandscape.debug.xcconfig"; path = "Pods/Target Support Files/Pods-AWALandscape/Pods-AWALandscape.debug.xcconfig"; sourceTree = "<group>"; };
		8CBEC6DD13120F0502D0C6D1 /* Pods-AWALandscape.release.xcconfig */ = {isa = PBXFileReference; includeInIndex = 1; lastKnownFileType = text.xcconfig; name = "Pods-AWALandscape.release.xcconfig"; path = "Pods/Target Support Files/Pods-AWALandscape/Pods-AWALandscape.release.xcconfig"; sourceTree = "<group>"; };
/* End PBXFileReference section */

/* Begin PBXFrameworksBuildPhase section */
		46683D331F5FB2C000A73E75 /* Frameworks */ = {
			isa = PBXFrameworksBuildPhase;
			buildActionMask = 2147483647;
			files = (
				CC56155FB66C910F051DB06E /* Pods_AWALandscape.framework in Frameworks */,
			);
			runOnlyForDeploymentPostprocessing = 0;
		};
/* End PBXFrameworksBuildPhase section */

/* Begin PBXGroup section */
		462FEB961F5FB8DD00AAF157 /* Manager */ = {
			isa = PBXGroup;
			children = (
				462FEB971F5FB90600AAF157 /* MusicManager.swift */,
			);
			name = Manager;
			path = Manager;
			sourceTree = "<group>";
		};
		462FEB991F5FC6AA00AAF157 /* Scenes */ = {
			isa = PBXGroup;
			children = (
				462FEBBA1F60309800AAF157 /* ArtworkListViewController.swift */,
				462FEB9C1F5FC6E200AAF157 /* PlayerViewController.storyboard */,
				462FEB9A1F5FC6CD00AAF157 /* PlayerViewController.swift */,
			);
			name = Scenes;
			path = Scenes;
			sourceTree = "<group>";
		};
		462FEB9E1F5FC8E400AAF157 /* Extensions */ = {
			isa = PBXGroup;
			children = (
				462FEBA31F5FCA8700AAF157 /* FMBlurable.swift */,
				462FEBAD1F5FE12E00AAF157 /* UICollectionView+Extensions.swift */,
				462FEB9F1F5FC90300AAF157 /* UIView+Extensions.swift */,
			);
			name = Extensions;
			path = Extensions;
			sourceTree = "<group>";
		};
		462FEBA51F5FDE6D00AAF157 /* Views */ = {
			isa = PBXGroup;
			children = (
				462FEBA61F5FDE8700AAF157 /* ArtworkCollectionViewCell.swift */,
				462FEBA71F5FDE8700AAF157 /* ArtworkCollectionViewCell.xib */,
				462FEBB81F60277D00AAF157 /* ArtworkCollectionViewFlowLayout.swift */,
			);
			name = Views;
			path = Views;
			sourceTree = "<group>";
		};
		462FEBAA1F5FDF2B00AAF157 /* Models */ = {
			isa = PBXGroup;
			children = (
				462FEBAB1F5FDF4600AAF157 /* ArtworkModel.swift */,
			);
			name = Models;
			path = Models;
			sourceTree = "<group>";
		};
		462FEBAF1F5FE18600AAF157 /* Protocols */ = {
			isa = PBXGroup;
			children = (
				462FEBB01F5FE19000AAF157 /* NibInstantiatable.swift */,
				462FEBB11F5FE19000AAF157 /* NibLoadable.swift */,
				462FEBB21F5FE19000AAF157 /* Reusable.swift */,
				462FEBB31F5FE19000AAF157 /* StoryboardInstantiable.swift */,
			);
			name = Protocols;
			path = Protocols;
			sourceTree = "<group>";
		};
		46683D2D1F5FB2C000A73E75 = {
			isa = PBXGroup;
			children = (
				46683D381F5FB2C000A73E75 /* AWALandscape */,
				46683D371F5FB2C000A73E75 /* Products */,
				9F6617561A14827FFDDBB5D8 /* Pods */,
				BB066345FAF7B96588770B2D /* Frameworks */,
			);
			sourceTree = "<group>";
		};
		46683D371F5FB2C000A73E75 /* Products */ = {
			isa = PBXGroup;
			children = (
				46683D361F5FB2C000A73E75 /* AWALandscape.app */,
			);
			name = Products;
			sourceTree = "<group>";
		};
		46683D381F5FB2C000A73E75 /* AWALandscape */ = {
			isa = PBXGroup;
			children = (
				462FEB9E1F5FC8E400AAF157 /* Extensions */,
				462FEB961F5FB8DD00AAF157 /* Manager */,
				462FEBAA1F5FDF2B00AAF157 /* Models */,
				462FEBAF1F5FE18600AAF157 /* Protocols */,
				462FEB991F5FC6AA00AAF157 /* Scenes */,
				462FEBA51F5FDE6D00AAF157 /* Views */,
				46683D391F5FB2C000A73E75 /* AppDelegate.swift */,
				46683D401F5FB2C000A73E75 /* Assets.xcassets */,
				46683D451F5FB2C000A73E75 /* Info.plist */,
				46683D421F5FB2C000A73E75 /* LaunchScreen.storyboard */,
				46683D3D1F5FB2C000A73E75 /* Main.storyboard */,
				46683D3B1F5FB2C000A73E75 /* ViewController.swift */,
			);
			path = AWALandscape;
			sourceTree = "<group>";
		};
		9F6617561A14827FFDDBB5D8 /* Pods */ = {
			isa = PBXGroup;
			children = (
				50E062C67EAE38BBFA7E8329 /* Pods-AWALandscape.debug.xcconfig */,
				8CBEC6DD13120F0502D0C6D1 /* Pods-AWALandscape.release.xcconfig */,
			);
			name = Pods;
			sourceTree = "<group>";
		};
		BB066345FAF7B96588770B2D /* Frameworks */ = {
			isa = PBXGroup;
			children = (
				3198CB6FB133EF1C4631DA25 /* Pods_AWALandscape.framework */,
			);
			name = Frameworks;
			sourceTree = "<group>";
		};
/* End PBXGroup section */

/* Begin PBXNativeTarget section */
		46683D351F5FB2C000A73E75 /* AWALandscape */ = {
			isa = PBXNativeTarget;
			buildConfigurationList = 46683D481F5FB2C000A73E75 /* Build configuration list for PBXNativeTarget "AWALandscape" */;
			buildPhases = (
				B9F54D66D266A3672678069E /* [CP] Check Pods Manifest.lock */,
				46683D321F5FB2C000A73E75 /* Sources */,
				46683D331F5FB2C000A73E75 /* Frameworks */,
				46683D341F5FB2C000A73E75 /* Resources */,
				531AA56CD277A9288FDE665D /* [CP] Embed Pods Frameworks */,
				2FF4783FF86A250720CE097A /* [CP] Copy Pods Resources */,
			);
			buildRules = (
			);
			dependencies = (
			);
			name = AWALandscape;
			productName = AWALandscape;
			productReference = 46683D361F5FB2C000A73E75 /* AWALandscape.app */;
			productType = "com.apple.product-type.application";
		};
/* End PBXNativeTarget section */

/* Begin PBXProject section */
		46683D2E1F5FB2C000A73E75 /* Project object */ = {
			isa = PBXProject;
			attributes = {
				LastSwiftUpdateCheck = 0830;
				LastUpgradeCheck = 0830;
				ORGANIZATIONNAME = "藤井陽介";
				TargetAttributes = {
					46683D351F5FB2C000A73E75 = {
						CreatedOnToolsVersion = 8.3.3;
						DevelopmentTeam = B4S4333JDW;
						ProvisioningStyle = Automatic;
					};
				};
			};
			buildConfigurationList = 46683D311F5FB2C000A73E75 /* Build configuration list for PBXProject "AWALandscape" */;
			compatibilityVersion = "Xcode 3.2";
			developmentRegion = English;
			hasScannedForEncodings = 0;
			knownRegions = (
				en,
				Base,
			);
			mainGroup = 46683D2D1F5FB2C000A73E75;
			productRefGroup = 46683D371F5FB2C000A73E75 /* Products */;
			projectDirPath = "";
			projectRoot = "";
			targets = (
				46683D351F5FB2C000A73E75 /* AWALandscape */,
			);
		};
/* End PBXProject section */

/* Begin PBXResourcesBuildPhase section */
		46683D341F5FB2C000A73E75 /* Resources */ = {
			isa = PBXResourcesBuildPhase;
			buildActionMask = 2147483647;
			files = (
				46683D441F5FB2C000A73E75 /* LaunchScreen.storyboard in Resources */,
				462FEBA91F5FDE8700AAF157 /* ArtworkCollectionViewCell.xib in Resources */,
				46683D411F5FB2C000A73E75 /* Assets.xcassets in Resources */,
				462FEB9D1F5FC6E200AAF157 /* PlayerViewController.storyboard in Resources */,
				46683D3F1F5FB2C000A73E75 /* Main.storyboard in Resources */,
			);
			runOnlyForDeploymentPostprocessing = 0;
		};
/* End PBXResourcesBuildPhase section */

/* Begin PBXShellScriptBuildPhase section */
		2FF4783FF86A250720CE097A /* [CP] Copy Pods Resources */ = {
			isa = PBXShellScriptBuildPhase;
			buildActionMask = 2147483647;
			files = (
			);
			inputPaths = (
			);
			name = "[CP] Copy Pods Resources";
			outputPaths = (
			);
			runOnlyForDeploymentPostprocessing = 0;
			shellPath = /bin/sh;
			shellScript = "\"${SRCROOT}/Pods/Target Support Files/Pods-AWALandscape/Pods-AWALandscape-resources.sh\"\n";
			showEnvVarsInLog = 0;
		};
		531AA56CD277A9288FDE665D /* [CP] Embed Pods Frameworks */ = {
			isa = PBXShellScriptBuildPhase;
			buildActionMask = 2147483647;
			files = (
			);
			inputPaths = (
				"${SRCROOT}/Pods/Target Support Files/Pods-AWALandscape/Pods-AWALandscape-frameworks.sh",
				"${BUILT_PRODUCTS_DIR}/FSPagerView/FSPagerView.framework",
				"${BUILT_PRODUCTS_DIR}/LNICoverFlowLayout/LNICoverFlowLayout.framework",
			);
			name = "[CP] Embed Pods Frameworks";
			outputPaths = (
				"${TARGET_BUILD_DIR}/${FRAMEWORKS_FOLDER_PATH}/FSPagerView.framework",
				"${TARGET_BUILD_DIR}/${FRAMEWORKS_FOLDER_PATH}/LNICoverFlowLayout.framework",
			);
			runOnlyForDeploymentPostprocessing = 0;
			shellPath = /bin/sh;
			shellScript = "\"${SRCROOT}/Pods/Target Support Files/Pods-AWALandscape/Pods-AWALandscape-frameworks.sh\"\n";
			showEnvVarsInLog = 0;
		};
		B9F54D66D266A3672678069E /* [CP] Check Pods Manifest.lock */ = {
			isa = PBXShellScriptBuildPhase;
			buildActionMask = 2147483647;
			files = (
			);
			inputPaths = (
				"${PODS_PODFILE_DIR_PATH}/Podfile.lock",
				"${PODS_ROOT}/Manifest.lock",
			);
			name = "[CP] Check Pods Manifest.lock";
			outputPaths = (
				"$(DERIVED_FILE_DIR)/Pods-AWALandscape-checkManifestLockResult.txt",
			);
			runOnlyForDeploymentPostprocessing = 0;
			shellPath = /bin/sh;
			shellScript = "diff \"${PODS_PODFILE_DIR_PATH}/Podfile.lock\" \"${PODS_ROOT}/Manifest.lock\" > /dev/null\nif [ $? != 0 ] ; then\n    # print error to STDERR\n    echo \"error: The sandbox is not in sync with the Podfile.lock. Run 'pod install' or update your CocoaPods installation.\" >&2\n    exit 1\nfi\n# This output is used by Xcode 'outputs' to avoid re-running this script phase.\necho \"SUCCESS\" > \"${SCRIPT_OUTPUT_FILE_0}\"\n";
			showEnvVarsInLog = 0;
		};
/* End PBXShellScriptBuildPhase section */

/* Begin PBXSourcesBuildPhase section */
		46683D321F5FB2C000A73E75 /* Sources */ = {
			isa = PBXSourcesBuildPhase;
			buildActionMask = 2147483647;
			files = (
				462FEBB61F5FE19000AAF157 /* Reusable.swift in Sources */,
				462FEBAC1F5FDF4600AAF157 /* ArtworkModel.swift in Sources */,
				462FEBA01F5FC90300AAF157 /* UIView+Extensions.swift in Sources */,
				462FEBB91F60277D00AAF157 /* ArtworkCollectionViewFlowLayout.swift in Sources */,
				462FEBB41F5FE19000AAF157 /* NibInstantiatable.swift in Sources */,
				46683D3C1F5FB2C000A73E75 /* ViewController.swift in Sources */,
				462FEB9B1F5FC6CD00AAF157 /* PlayerViewController.swift in Sources */,
				462FEBB51F5FE19000AAF157 /* NibLoadable.swift in Sources */,
				46683D3A1F5FB2C000A73E75 /* AppDelegate.swift in Sources */,
				462FEBAE1F5FE12E00AAF157 /* UICollectionView+Extensions.swift in Sources */,
				462FEBA81F5FDE8700AAF157 /* ArtworkCollectionViewCell.swift in Sources */,
				462FEB981F5FB90600AAF157 /* MusicManager.swift in Sources */,
				462FEBA41F5FCA8700AAF157 /* FMBlurable.swift in Sources */,
				462FEBB71F5FE19000AAF157 /* StoryboardInstantiable.swift in Sources */,
				462FEBBB1F60309800AAF157 /* ArtworkListViewController.swift in Sources */,
			);
			runOnlyForDeploymentPostprocessing = 0;
		};
/* End PBXSourcesBuildPhase section */

/* Begin PBXVariantGroup section */
		46683D3D1F5FB2C000A73E75 /* Main.storyboard */ = {
			isa = PBXVariantGroup;
			children = (
				46683D3E1F5FB2C000A73E75 /* Base */,
			);
			name = Main.storyboard;
			path = .;
			sourceTree = "<group>";
		};
		46683D421F5FB2C000A73E75 /* LaunchScreen.storyboard */ = {
			isa = PBXVariantGroup;
			children = (
				46683D431F5FB2C000A73E75 /* Base */,
			);
			name = LaunchScreen.storyboard;
			path = .;
			sourceTree = "<group>";
		};
/* End PBXVariantGroup section */

/* Begin XCBuildConfiguration section */
		46683D461F5FB2C000A73E75 /* Debug */ = {
			isa = XCBuildConfiguration;
			buildSettings = {
				ALWAYS_SEARCH_USER_PATHS = NO;
				CLANG_ANALYZER_NONNULL = YES;
				CLANG_ANALYZER_NUMBER_OBJECT_CONVERSION = YES_AGGRESSIVE;
				CLANG_CXX_LANGUAGE_STANDARD = "gnu++0x";
				CLANG_CXX_LIBRARY = "libc++";
				CLANG_ENABLE_MODULES = YES;
				CLANG_ENABLE_OBJC_ARC = YES;
				CLANG_WARN_BOOL_CONVERSION = YES;
				CLANG_WARN_CONSTANT_CONVERSION = YES;
				CLANG_WARN_DIRECT_OBJC_ISA_USAGE = YES_ERROR;
				CLANG_WARN_DOCUMENTATION_COMMENTS = YES;
				CLANG_WARN_EMPTY_BODY = YES;
				CLANG_WARN_ENUM_CONVERSION = YES;
				CLANG_WARN_INFINITE_RECURSION = YES;
				CLANG_WARN_INT_CONVERSION = YES;
				CLANG_WARN_OBJC_ROOT_CLASS = YES_ERROR;
				CLANG_WARN_SUSPICIOUS_MOVE = YES;
				CLANG_WARN_UNREACHABLE_CODE = YES;
				CLANG_WARN__DUPLICATE_METHOD_MATCH = YES;
				"CODE_SIGN_IDENTITY[sdk=iphoneos*]" = "iPhone Developer";
				COPY_PHASE_STRIP = NO;
				DEBUG_INFORMATION_FORMAT = dwarf;
				ENABLE_STRICT_OBJC_MSGSEND = YES;
				ENABLE_TESTABILITY = YES;
				GCC_C_LANGUAGE_STANDARD = gnu99;
				GCC_DYNAMIC_NO_PIC = NO;
				GCC_NO_COMMON_BLOCKS = YES;
				GCC_OPTIMIZATION_LEVEL = 0;
				GCC_PREPROCESSOR_DEFINITIONS = (
					"DEBUG=1",
					"$(inherited)",
				);
				GCC_WARN_64_TO_32_BIT_CONVERSION = YES;
				GCC_WARN_ABOUT_RETURN_TYPE = YES_ERROR;
				GCC_WARN_UNDECLARED_SELECTOR = YES;
				GCC_WARN_UNINITIALIZED_AUTOS = YES_AGGRESSIVE;
				GCC_WARN_UNUSED_FUNCTION = YES;
				GCC_WARN_UNUSED_VARIABLE = YES;
				IPHONEOS_DEPLOYMENT_TARGET = 10.3;
				MTL_ENABLE_DEBUG_INFO = YES;
				ONLY_ACTIVE_ARCH = YES;
				SDKROOT = iphoneos;
				SWIFT_ACTIVE_COMPILATION_CONDITIONS = DEBUG;
				SWIFT_OPTIMIZATION_LEVEL = "-Onone";
				TARGETED_DEVICE_FAMILY = "1,2";
			};
			name = Debug;
		};
		46683D471F5FB2C000A73E75 /* Release */ = {
			isa = XCBuildConfiguration;
			buildSettings = {
				ALWAYS_SEARCH_USER_PATHS = NO;
				CLANG_ANALYZER_NONNULL = YES;
				CLANG_ANALYZER_NUMBER_OBJECT_CONVERSION = YES_AGGRESSIVE;
				CLANG_CXX_LANGUAGE_STANDARD = "gnu++0x";
				CLANG_CXX_LIBRARY = "libc++";
				CLANG_ENABLE_MODULES = YES;
				CLANG_ENABLE_OBJC_ARC = YES;
				CLANG_WARN_BOOL_CONVERSION = YES;
				CLANG_WARN_CONSTANT_CONVERSION = YES;
				CLANG_WARN_DIRECT_OBJC_ISA_USAGE = YES_ERROR;
				CLANG_WARN_DOCUMENTATION_COMMENTS = YES;
				CLANG_WARN_EMPTY_BODY = YES;
				CLANG_WARN_ENUM_CONVERSION = YES;
				CLANG_WARN_INFINITE_RECURSION = YES;
				CLANG_WARN_INT_CONVERSION = YES;
				CLANG_WARN_OBJC_ROOT_CLASS = YES_ERROR;
				CLANG_WARN_SUSPICIOUS_MOVE = YES;
				CLANG_WARN_UNREACHABLE_CODE = YES;
				CLANG_WARN__DUPLICATE_METHOD_MATCH = YES;
				"CODE_SIGN_IDENTITY[sdk=iphoneos*]" = "iPhone Developer";
				COPY_PHASE_STRIP = NO;
				DEBUG_INFORMATION_FORMAT = "dwarf-with-dsym";
				ENABLE_NS_ASSERTIONS = NO;
				ENABLE_STRICT_OBJC_MSGSEND = YES;
				GCC_C_LANGUAGE_STANDARD = gnu99;
				GCC_NO_COMMON_BLOCKS = YES;
				GCC_WARN_64_TO_32_BIT_CONVERSION = YES;
				GCC_WARN_ABOUT_RETURN_TYPE = YES_ERROR;
				GCC_WARN_UNDECLARED_SELECTOR = YES;
				GCC_WARN_UNINITIALIZED_AUTOS = YES_AGGRESSIVE;
				GCC_WARN_UNUSED_FUNCTION = YES;
				GCC_WARN_UNUSED_VARIABLE = YES;
				IPHONEOS_DEPLOYMENT_TARGET = 10.3;
				MTL_ENABLE_DEBUG_INFO = NO;
				SDKROOT = iphoneos;
				SWIFT_OPTIMIZATION_LEVEL = "-Owholemodule";
				TARGETED_DEVICE_FAMILY = "1,2";
				VALIDATE_PRODUCT = YES;
			};
			name = Release;
		};
		46683D491F5FB2C000A73E75 /* Debug */ = {
			isa = XCBuildConfiguration;
			baseConfigurationReference = 50E062C67EAE38BBFA7E8329 /* Pods-AWALandscape.debug.xcconfig */;
			buildSettings = {
				ASSETCATALOG_COMPILER_APPICON_NAME = AppIcon;
				DEVELOPMENT_TEAM = B4S4333JDW;
				INFOPLIST_FILE = AWALandscape/Info.plist;
				LD_RUNPATH_SEARCH_PATHS = "$(inherited) @executable_path/Frameworks";
				PRODUCT_BUNDLE_IDENTIFIER = com.dev.touyou.AWALandscape;
				PRODUCT_NAME = "$(TARGET_NAME)";
				SWIFT_VERSION = 3.0;
			};
			name = Debug;
		};
		46683D4A1F5FB2C000A73E75 /* Release */ = {
			isa = XCBuildConfiguration;
			baseConfigurationReference = 8CBEC6DD13120F0502D0C6D1 /* Pods-AWALandscape.release.xcconfig */;
			buildSettings = {
				ASSETCATALOG_COMPILER_APPICON_NAME = AppIcon;
				DEVELOPMENT_TEAM = B4S4333JDW;
				INFOPLIST_FILE = AWALandscape/Info.plist;
				LD_RUNPATH_SEARCH_PATHS = "$(inherited) @executable_path/Frameworks";
				PRODUCT_BUNDLE_IDENTIFIER = com.dev.touyou.AWALandscape;
				PRODUCT_NAME = "$(TARGET_NAME)";
				SWIFT_VERSION = 3.0;
			};
			name = Release;
		};
/* End XCBuildConfiguration section */

/* Begin XCConfigurationList section */
		46683D311F5FB2C000A73E75 /* Build configuration list for PBXProject "AWALandscape" */ = {
			isa = XCConfigurationList;
			buildConfigurations = (
				46683D461F5FB2C000A73E75 /* Debug */,
				46683D471F5FB2C000A73E75 /* Release */,
			);
			defaultConfigurationIsVisible = 0;
			defaultConfigurationName = Release;
		};
		46683D481F5FB2C000A73E75 /* Build configuration list for PBXNativeTarget "AWALandscape" */ = {
			isa = XCConfigurationList;
			buildConfigurations = (
				46683D491F5FB2C000A73E75 /* Debug */,
				46683D4A1F5FB2C000A73E75 /* Release */,
			);
			defaultConfigurationIsVisible = 0;
			defaultConfigurationName = Release;
		};
/* End XCConfigurationList section */
	};
	rootObject = 46683D2E1F5FB2C000A73E75 /* Project object */;
}
